
Microsoft Visual Studio Solution File, Format Version 12.00
# Visual Studio 15
VisualStudioVersion = 15.0.27428.2043
MinimumVisualStudioVersion = 10.0.40219.1
Project("{FAE04EC0-301F-11D3-BF4B-00C04F79EFBC}") = "Project Herakles", "Project Herakles\Project Herakles.csproj", "{F409F64F-3AC0-4C93-8702-215C24BAD379}"
EndProject
Global
	GlobalSection(SolutionConfigurationPlatforms) = preSolution
		Debug|Any CPU = Debug|Any CPU
		Release|Any CPU = Release|Any CPU
	EndGlobalSection
	GlobalSection(ProjectConfigurationPlatforms) = postSolution
		{F409F64F-3AC0-4C93-8702-215C24BAD379}.Debug|Any CPU.ActiveCfg = Debug|Any CPU
		{F409F64F-3AC0-4C93-8702-215C24BAD379}.Debug|Any CPU.Build.0 = Debug|Any CPU
		{F409F64F-3AC0-4C93-8702-215C24BAD379}.Release|Any CPU.ActiveCfg = Release|Any CPU
		{F409F64F-3AC0-4C93-8702-215C24BAD379}.Release|Any CPU.Build.0 = Release|Any CPU
	EndGlobalSection
	GlobalSection(SolutionProperties) = preSolution
		HideSolutionNode = FALSE
	EndGlobalSection
	GlobalSection(ExtensibilityGlobals) = postSolution
		SolutionGuid = {E1D66489-6967-4C16-8609-93B1C7018F41}
	EndGlobalSection
EndGlobal
