
Microsoft Visual Studio Solution File, Format Version 12.00
# Visual Studio 15
VisualStudioVersion = 15.0.27428.2011
MinimumVisualStudioVersion = 10.0.40219.1
Project("{FAE04EC0-301F-11D3-BF4B-00C04F79EFBC}") = "IAH61_Charsharing", "IAH61_Charsharing\IAH61_Charsharing.csproj", "{19E7FF67-3C75-4C1C-A189-CBD492146E66}"
EndProject
Global
	GlobalSection(SolutionConfigurationPlatforms) = preSolution
		Debug|Any CPU = Debug|Any CPU
		Release|Any CPU = Release|Any CPU
	EndGlobalSection
	GlobalSection(ProjectConfigurationPlatforms) = postSolution
		{19E7FF67-3C75-4C1C-A189-CBD492146E66}.Debug|Any CPU.ActiveCfg = Debug|Any CPU
		{19E7FF67-3C75-4C1C-A189-CBD492146E66}.Debug|Any CPU.Build.0 = Debug|Any CPU
		{19E7FF67-3C75-4C1C-A189-CBD492146E66}.Release|Any CPU.ActiveCfg = Release|Any CPU
		{19E7FF67-3C75-4C1C-A189-CBD492146E66}.Release|Any CPU.Build.0 = Release|Any CPU
	EndGlobalSection
	GlobalSection(SolutionProperties) = preSolution
		HideSolutionNode = FALSE
	EndGlobalSection
	GlobalSection(ExtensibilityGlobals) = postSolution
		SolutionGuid = {E8570FFC-0E63-41FA-9857-0B8B0E87F22F}
	EndGlobalSection
EndGlobal
